
Microsoft Visual Studio Solution File, Format Version 12.00
# Visual Studio Version 16
VisualStudioVersion = 16.0.29609.76
MinimumVisualStudioVersion = 10.0.40219.1
Project("{FAE04EC0-301F-11D3-BF4B-00C04F79EFBC}") = "GiseUygulamasi", "GiseUygulamasi\GiseUygulamasi.csproj", "{5652CF6E-E620-4DB1-88E4-CDA2E7424F94}"
EndProject
Global
	GlobalSection(SolutionConfigurationPlatforms) = preSolution
		Debug|Any CPU = Debug|Any CPU
		Release|Any CPU = Release|Any CPU
	EndGlobalSection
	GlobalSection(ProjectConfigurationPlatforms) = postSolution
		{5652CF6E-E620-4DB1-88E4-CDA2E7424F94}.Debug|Any CPU.ActiveCfg = Debug|Any CPU
		{5652CF6E-E620-4DB1-88E4-CDA2E7424F94}.Debug|Any CPU.Build.0 = Debug|Any CPU
		{5652CF6E-E620-4DB1-88E4-CDA2E7424F94}.Release|Any CPU.ActiveCfg = Release|Any CPU
		{5652CF6E-E620-4DB1-88E4-CDA2E7424F94}.Release|Any CPU.Build.0 = Release|Any CPU
	EndGlobalSection
	GlobalSection(SolutionProperties) = preSolution
		HideSolutionNode = FALSE
	EndGlobalSection
	GlobalSection(ExtensibilityGlobals) = postSolution
		SolutionGuid = {A1239E78-DE6C-44C0-95D7-912EDE4A5A93}
	EndGlobalSection
	GlobalSection(TeamFoundationVersionControl) = preSolution
		SccNumberOfProjects = 2
		SccEnterpriseProvider = {4CA58AB2-18FA-4F8D-95D4-32DDF27D184C}
		SccTeamFoundationServer = https://dev.azure.com/wissen12340
		SccLocalPath0 = .
		SccProjectUniqueName1 = GiseUygulamasi\\GiseUygulamasi.csproj
		SccProjectName1 = GiseUygulamasi
		SccLocalPath1 = GiseUygulamasi
	EndGlobalSection
EndGlobal
